// !$*UTF8*$!
{
	archiveVersion = 1;
	classes = {
	};
	objectVersion = 50;
	objects = {

/* Begin PBXBuildFile section */
		AB958D3E2428FFFE00C75714 /* AppDelegate.swift in Sources */ = {isa = PBXBuildFile; fileRef = AB958D3D2428FFFE00C75714 /* AppDelegate.swift */; };
		AB958D402428FFFE00C75714 /* SceneDelegate.swift in Sources */ = {isa = PBXBuildFile; fileRef = AB958D3F2428FFFE00C75714 /* SceneDelegate.swift */; };
		AB958D422428FFFE00C75714 /* SignUpViewController.swift in Sources */ = {isa = PBXBuildFile; fileRef = AB958D412428FFFE00C75714 /* SignUpViewController.swift */; };
		AB958D452428FFFE00C75714 /* Main.storyboard in Resources */ = {isa = PBXBuildFile; fileRef = AB958D432428FFFE00C75714 /* Main.storyboard */; };
		AB958D472429000100C75714 /* Assets.xcassets in Resources */ = {isa = PBXBuildFile; fileRef = AB958D462429000100C75714 /* Assets.xcassets */; };
		AB958D4A2429000100C75714 /* LaunchScreen.storyboard in Resources */ = {isa = PBXBuildFile; fileRef = AB958D482429000100C75714 /* LaunchScreen.storyboard */; };
		AB958D552429000200C75714 /* SignUpTests.swift in Sources */ = {isa = PBXBuildFile; fileRef = AB958D542429000200C75714 /* SignUpTests.swift */; };
		AB958D602429000200C75714 /* SignUpUITests.swift in Sources */ = {isa = PBXBuildFile; fileRef = AB958D5F2429000200C75714 /* SignUpUITests.swift */; };
		AB958D732429ED7500C75714 /* InfoTextField.swift in Sources */ = {isa = PBXBuildFile; fileRef = AB958D722429ED7500C75714 /* InfoTextField.swift */; };
/* End PBXBuildFile section */

/* Begin PBXContainerItemProxy section */
		AB958D512429000200C75714 /* PBXContainerItemProxy */ = {
			isa = PBXContainerItemProxy;
			containerPortal = AB958D322428FFFE00C75714 /* Project object */;
			proxyType = 1;
			remoteGlobalIDString = AB958D392428FFFE00C75714;
			remoteInfo = SignUp;
		};
		AB958D5C2429000200C75714 /* PBXContainerItemProxy */ = {
			isa = PBXContainerItemProxy;
			containerPortal = AB958D322428FFFE00C75714 /* Project object */;
			proxyType = 1;
			remoteGlobalIDString = AB958D392428FFFE00C75714;
			remoteInfo = SignUp;
		};
/* End PBXContainerItemProxy section */

/* Begin PBXFileReference section */
		AB958D3A2428FFFE00C75714 /* SignUp.app */ = {isa = PBXFileReference; explicitFileType = wrapper.application; includeInIndex = 0; path = SignUp.app; sourceTree = BUILT_PRODUCTS_DIR; };
		AB958D3D2428FFFE00C75714 /* AppDelegate.swift */ = {isa = PBXFileReference; lastKnownFileType = sourcecode.swift; path = AppDelegate.swift; sourceTree = "<group>"; };
		AB958D3F2428FFFE00C75714 /* SceneDelegate.swift */ = {isa = PBXFileReference; lastKnownFileType = sourcecode.swift; path = SceneDelegate.swift; sourceTree = "<group>"; };
		AB958D412428FFFE00C75714 /* SignUpViewController.swift */ = {isa = PBXFileReference; lastKnownFileType = sourcecode.swift; path = SignUpViewController.swift; sourceTree = "<group>"; };
		AB958D442428FFFE00C75714 /* Base */ = {isa = PBXFileReference; lastKnownFileType = file.storyboard; name = Base; path = Base.lproj/Main.storyboard; sourceTree = "<group>"; };
		AB958D462429000100C75714 /* Assets.xcassets */ = {isa = PBXFileReference; lastKnownFileType = folder.assetcatalog; path = Assets.xcassets; sourceTree = "<group>"; };
		AB958D492429000100C75714 /* Base */ = {isa = PBXFileReference; lastKnownFileType = file.storyboard; name = Base; path = Base.lproj/LaunchScreen.storyboard; sourceTree = "<group>"; };
		AB958D4B2429000100C75714 /* Info.plist */ = {isa = PBXFileReference; lastKnownFileType = text.plist.xml; path = Info.plist; sourceTree = "<group>"; };
		AB958D502429000200C75714 /* SignUpTests.xctest */ = {isa = PBXFileReference; explicitFileType = wrapper.cfbundle; includeInIndex = 0; path = SignUpTests.xctest; sourceTree = BUILT_PRODUCTS_DIR; };
		AB958D542429000200C75714 /* SignUpTests.swift */ = {isa = PBXFileReference; lastKnownFileType = sourcecode.swift; path = SignUpTests.swift; sourceTree = "<group>"; };
		AB958D562429000200C75714 /* Info.plist */ = {isa = PBXFileReference; lastKnownFileType = text.plist.xml; path = Info.plist; sourceTree = "<group>"; };
		AB958D5B2429000200C75714 /* SignUpUITests.xctest */ = {isa = PBXFileReference; explicitFileType = wrapper.cfbundle; includeInIndex = 0; path = SignUpUITests.xctest; sourceTree = BUILT_PRODUCTS_DIR; };
		AB958D5F2429000200C75714 /* SignUpUITests.swift */ = {isa = PBXFileReference; lastKnownFileType = sourcecode.swift; path = SignUpUITests.swift; sourceTree = "<group>"; };
		AB958D612429000200C75714 /* Info.plist */ = {isa = PBXFileReference; lastKnownFileType = text.plist.xml; path = Info.plist; sourceTree = "<group>"; };
		AB958D722429ED7500C75714 /* InfoTextField.swift */ = {isa = PBXFileReference; lastKnownFileType = sourcecode.swift; path = InfoTextField.swift; sourceTree = "<group>"; };
/* End PBXFileReference section */

/* Begin PBXFrameworksBuildPhase section */
		AB958D372428FFFE00C75714 /* Frameworks */ = {
			isa = PBXFrameworksBuildPhase;
			buildActionMask = 2147483647;
			files = (
			);
			runOnlyForDeploymentPostprocessing = 0;
		};
		AB958D4D2429000200C75714 /* Frameworks */ = {
			isa = PBXFrameworksBuildPhase;
			buildActionMask = 2147483647;
			files = (
			);
			runOnlyForDeploymentPostprocessing = 0;
		};
		AB958D582429000200C75714 /* Frameworks */ = {
			isa = PBXFrameworksBuildPhase;
			buildActionMask = 2147483647;
			files = (
			);
			runOnlyForDeploymentPostprocessing = 0;
		};
/* End PBXFrameworksBuildPhase section */

/* Begin PBXGroup section */
		AB958D312428FFFE00C75714 = {
			isa = PBXGroup;
			children = (
				AB958D3C2428FFFE00C75714 /* SignUp */,
				AB958D532429000200C75714 /* SignUpTests */,
				AB958D5E2429000200C75714 /* SignUpUITests */,
				AB958D3B2428FFFE00C75714 /* Products */,
			);
			sourceTree = "<group>";
		};
		AB958D3B2428FFFE00C75714 /* Products */ = {
			isa = PBXGroup;
			children = (
				AB958D3A2428FFFE00C75714 /* SignUp.app */,
				AB958D502429000200C75714 /* SignUpTests.xctest */,
				AB958D5B2429000200C75714 /* SignUpUITests.xctest */,
			);
			name = Products;
			sourceTree = "<group>";
		};
		AB958D3C2428FFFE00C75714 /* SignUp */ = {
			isa = PBXGroup;
			children = (
				AB958D6F2429CF6C00C75714 /* view */,
				AB958D3D2428FFFE00C75714 /* AppDelegate.swift */,
				AB958D3F2428FFFE00C75714 /* SceneDelegate.swift */,
				AB958D412428FFFE00C75714 /* SignUpViewController.swift */,
				AB958D432428FFFE00C75714 /* Main.storyboard */,
				AB958D462429000100C75714 /* Assets.xcassets */,
				AB958D482429000100C75714 /* LaunchScreen.storyboard */,
				AB958D4B2429000100C75714 /* Info.plist */,
			);
			path = SignUp;
			sourceTree = "<group>";
		};
		AB958D532429000200C75714 /* SignUpTests */ = {
			isa = PBXGroup;
			children = (
				AB958D542429000200C75714 /* SignUpTests.swift */,
				AB958D562429000200C75714 /* Info.plist */,
			);
			path = SignUpTests;
			sourceTree = "<group>";
		};
		AB958D5E2429000200C75714 /* SignUpUITests */ = {
			isa = PBXGroup;
			children = (
				AB958D5F2429000200C75714 /* SignUpUITests.swift */,
				AB958D612429000200C75714 /* Info.plist */,
			);
			path = SignUpUITests;
			sourceTree = "<group>";
		};
		AB958D6F2429CF6C00C75714 /* view */ = {
			isa = PBXGroup;
			children = (
				AB958D722429ED7500C75714 /* InfoTextField.swift */,
			);
			path = view;
			sourceTree = "<group>";
		};
/* End PBXGroup section */

/* Begin PBXNativeTarget section */
		AB958D392428FFFE00C75714 /* SignUp */ = {
			isa = PBXNativeTarget;
			buildConfigurationList = AB958D642429000200C75714 /* Build configuration list for PBXNativeTarget "SignUp" */;
			buildPhases = (
				AB958D362428FFFE00C75714 /* Sources */,
				AB958D372428FFFE00C75714 /* Frameworks */,
				AB958D382428FFFE00C75714 /* Resources */,
			);
			buildRules = (
			);
			dependencies = (
			);
			name = SignUp;
			productName = SignUp;
			productReference = AB958D3A2428FFFE00C75714 /* SignUp.app */;
			productType = "com.apple.product-type.application";
		};
		AB958D4F2429000200C75714 /* SignUpTests */ = {
			isa = PBXNativeTarget;
			buildConfigurationList = AB958D672429000200C75714 /* Build configuration list for PBXNativeTarget "SignUpTests" */;
			buildPhases = (
				AB958D4C2429000200C75714 /* Sources */,
				AB958D4D2429000200C75714 /* Frameworks */,
				AB958D4E2429000200C75714 /* Resources */,
			);
			buildRules = (
			);
			dependencies = (
				AB958D522429000200C75714 /* PBXTargetDependency */,
			);
			name = SignUpTests;
			productName = SignUpTests;
			productReference = AB958D502429000200C75714 /* SignUpTests.xctest */;
			productType = "com.apple.product-type.bundle.unit-test";
		};
		AB958D5A2429000200C75714 /* SignUpUITests */ = {
			isa = PBXNativeTarget;
			buildConfigurationList = AB958D6A2429000200C75714 /* Build configuration list for PBXNativeTarget "SignUpUITests" */;
			buildPhases = (
				AB958D572429000200C75714 /* Sources */,
				AB958D582429000200C75714 /* Frameworks */,
				AB958D592429000200C75714 /* Resources */,
			);
			buildRules = (
			);
			dependencies = (
				AB958D5D2429000200C75714 /* PBXTargetDependency */,
			);
			name = SignUpUITests;
			productName = SignUpUITests;
			productReference = AB958D5B2429000200C75714 /* SignUpUITests.xctest */;
			productType = "com.apple.product-type.bundle.ui-testing";
		};
/* End PBXNativeTarget section */

/* Begin PBXProject section */
		AB958D322428FFFE00C75714 /* Project object */ = {
			isa = PBXProject;
			attributes = {
				LastSwiftUpdateCheck = 1130;
				LastUpgradeCheck = 1130;
				ORGANIZATIONNAME = "임승혁";
				TargetAttributes = {
					AB958D392428FFFE00C75714 = {
						CreatedOnToolsVersion = 11.3.1;
					};
					AB958D4F2429000200C75714 = {
						CreatedOnToolsVersion = 11.3.1;
						TestTargetID = AB958D392428FFFE00C75714;
					};
					AB958D5A2429000200C75714 = {
						CreatedOnToolsVersion = 11.3.1;
						TestTargetID = AB958D392428FFFE00C75714;
					};
				};
			};
			buildConfigurationList = AB958D352428FFFE00C75714 /* Build configuration list for PBXProject "SignUp" */;
			compatibilityVersion = "Xcode 9.3";
			developmentRegion = en;
			hasScannedForEncodings = 0;
			knownRegions = (
				en,
				Base,
			);
			mainGroup = AB958D312428FFFE00C75714;
			productRefGroup = AB958D3B2428FFFE00C75714 /* Products */;
			projectDirPath = "";
			projectRoot = "";
			targets = (
				AB958D392428FFFE00C75714 /* SignUp */,
				AB958D4F2429000200C75714 /* SignUpTests */,
				AB958D5A2429000200C75714 /* SignUpUITests */,
			);
		};
/* End PBXProject section */

/* Begin PBXResourcesBuildPhase section */
		AB958D382428FFFE00C75714 /* Resources */ = {
			isa = PBXResourcesBuildPhase;
			buildActionMask = 2147483647;
			files = (
				AB958D4A2429000100C75714 /* LaunchScreen.storyboard in Resources */,
				AB958D472429000100C75714 /* Assets.xcassets in Resources */,
				AB958D452428FFFE00C75714 /* Main.storyboard in Resources */,
			);
			runOnlyForDeploymentPostprocessing = 0;
		};
		AB958D4E2429000200C75714 /* Resources */ = {
			isa = PBXResourcesBuildPhase;
			buildActionMask = 2147483647;
			files = (
			);
			runOnlyForDeploymentPostprocessing = 0;
		};
		AB958D592429000200C75714 /* Resources */ = {
			isa = PBXResourcesBuildPhase;
			buildActionMask = 2147483647;
			files = (
			);
			runOnlyForDeploymentPostprocessing = 0;
		};
/* End PBXResourcesBuildPhase section */

/* Begin PBXSourcesBuildPhase section */
		AB958D362428FFFE00C75714 /* Sources */ = {
			isa = PBXSourcesBuildPhase;
			buildActionMask = 2147483647;
			files = (
				AB958D422428FFFE00C75714 /* SignUpViewController.swift in Sources */,
				AB958D3E2428FFFE00C75714 /* AppDelegate.swift in Sources */,
				AB958D732429ED7500C75714 /* InfoTextField.swift in Sources */,
				AB958D402428FFFE00C75714 /* SceneDelegate.swift in Sources */,
			);
			runOnlyForDeploymentPostprocessing = 0;
		};
		AB958D4C2429000200C75714 /* Sources */ = {
			isa = PBXSourcesBuildPhase;
			buildActionMask = 2147483647;
			files = (
				AB958D552429000200C75714 /* SignUpTests.swift in Sources */,
			);
			runOnlyForDeploymentPostprocessing = 0;
		};
		AB958D572429000200C75714 /* Sources */ = {
			isa = PBXSourcesBuildPhase;
			buildActionMask = 2147483647;
			files = (
				AB958D602429000200C75714 /* SignUpUITests.swift in Sources */,
			);
			runOnlyForDeploymentPostprocessing = 0;
		};
/* End PBXSourcesBuildPhase section */

/* Begin PBXTargetDependency section */
		AB958D522429000200C75714 /* PBXTargetDependency */ = {
			isa = PBXTargetDependency;
			target = AB958D392428FFFE00C75714 /* SignUp */;
			targetProxy = AB958D512429000200C75714 /* PBXContainerItemProxy */;
		};
		AB958D5D2429000200C75714 /* PBXTargetDependency */ = {
			isa = PBXTargetDependency;
			target = AB958D392428FFFE00C75714 /* SignUp */;
			targetProxy = AB958D5C2429000200C75714 /* PBXContainerItemProxy */;
		};
/* End PBXTargetDependency section */

/* Begin PBXVariantGroup section */
		AB958D432428FFFE00C75714 /* Main.storyboard */ = {
			isa = PBXVariantGroup;
			children = (
				AB958D442428FFFE00C75714 /* Base */,
			);
			name = Main.storyboard;
			sourceTree = "<group>";
		};
		AB958D482429000100C75714 /* LaunchScreen.storyboard */ = {
			isa = PBXVariantGroup;
			children = (
				AB958D492429000100C75714 /* Base */,
			);
			name = LaunchScreen.storyboard;
			sourceTree = "<group>";
		};
/* End PBXVariantGroup section */

/* Begin XCBuildConfiguration section */
		AB958D622429000200C75714 /* Debug */ = {
			isa = XCBuildConfiguration;
			buildSettings = {
				ALWAYS_SEARCH_USER_PATHS = NO;
				CLANG_ANALYZER_NONNULL = YES;
				CLANG_ANALYZER_NUMBER_OBJECT_CONVERSION = YES_AGGRESSIVE;
				CLANG_CXX_LANGUAGE_STANDARD = "gnu++14";
				CLANG_CXX_LIBRARY = "libc++";
				CLANG_ENABLE_MODULES = YES;
				CLANG_ENABLE_OBJC_ARC = YES;
				CLANG_ENABLE_OBJC_WEAK = YES;
				CLANG_WARN_BLOCK_CAPTURE_AUTORELEASING = YES;
				CLANG_WARN_BOOL_CONVERSION = YES;
				CLANG_WARN_COMMA = YES;
				CLANG_WARN_CONSTANT_CONVERSION = YES;
				CLANG_WARN_DEPRECATED_OBJC_IMPLEMENTATIONS = YES;
				CLANG_WARN_DIRECT_OBJC_ISA_USAGE = YES_ERROR;
				CLANG_WARN_DOCUMENTATION_COMMENTS = YES;
				CLANG_WARN_EMPTY_BODY = YES;
				CLANG_WARN_ENUM_CONVERSION = YES;
				CLANG_WARN_INFINITE_RECURSION = YES;
				CLANG_WARN_INT_CONVERSION = YES;
				CLANG_WARN_NON_LITERAL_NULL_CONVERSION = YES;
				CLANG_WARN_OBJC_IMPLICIT_RETAIN_SELF = YES;
				CLANG_WARN_OBJC_LITERAL_CONVERSION = YES;
				CLANG_WARN_OBJC_ROOT_CLASS = YES_ERROR;
				CLANG_WARN_RANGE_LOOP_ANALYSIS = YES;
				CLANG_WARN_STRICT_PROTOTYPES = YES;
				CLANG_WARN_SUSPICIOUS_MOVE = YES;
				CLANG_WARN_UNGUARDED_AVAILABILITY = YES_AGGRESSIVE;
				CLANG_WARN_UNREACHABLE_CODE = YES;
				CLANG_WARN__DUPLICATE_METHOD_MATCH = YES;
				COPY_PHASE_STRIP = NO;
				DEBUG_INFORMATION_FORMAT = dwarf;
				ENABLE_STRICT_OBJC_MSGSEND = YES;
				ENABLE_TESTABILITY = YES;
				GCC_C_LANGUAGE_STANDARD = gnu11;
				GCC_DYNAMIC_NO_PIC = NO;
				GCC_NO_COMMON_BLOCKS = YES;
				GCC_OPTIMIZATION_LEVEL = 0;
				GCC_PREPROCESSOR_DEFINITIONS = (
					"DEBUG=1",
					"$(inherited)",
				);
				GCC_WARN_64_TO_32_BIT_CONVERSION = YES;
				GCC_WARN_ABOUT_RETURN_TYPE = YES_ERROR;
				GCC_WARN_UNDECLARED_SELECTOR = YES;
				GCC_WARN_UNINITIALIZED_AUTOS = YES_AGGRESSIVE;
				GCC_WARN_UNUSED_FUNCTION = YES;
				GCC_WARN_UNUSED_VARIABLE = YES;
				IPHONEOS_DEPLOYMENT_TARGET = 13.2;
				MTL_ENABLE_DEBUG_INFO = INCLUDE_SOURCE;
				MTL_FAST_MATH = YES;
				ONLY_ACTIVE_ARCH = YES;
				SDKROOT = iphoneos;
				SWIFT_ACTIVE_COMPILATION_CONDITIONS = DEBUG;
				SWIFT_OPTIMIZATION_LEVEL = "-Onone";
			};
			name = Debug;
		};
		AB958D632429000200C75714 /* Release */ = {
			isa = XCBuildConfiguration;
			buildSettings = {
				ALWAYS_SEARCH_USER_PATHS = NO;
				CLANG_ANALYZER_NONNULL = YES;
				CLANG_ANALYZER_NUMBER_OBJECT_CONVERSION = YES_AGGRESSIVE;
				CLANG_CXX_LANGUAGE_STANDARD = "gnu++14";
				CLANG_CXX_LIBRARY = "libc++";
				CLANG_ENABLE_MODULES = YES;
				CLANG_ENABLE_OBJC_ARC = YES;
				CLANG_ENABLE_OBJC_WEAK = YES;
				CLANG_WARN_BLOCK_CAPTURE_AUTORELEASING = YES;
				CLANG_WARN_BOOL_CONVERSION = YES;
				CLANG_WARN_COMMA = YES;
				CLANG_WARN_CONSTANT_CONVERSION = YES;
				CLANG_WARN_DEPRECATED_OBJC_IMPLEMENTATIONS = YES;
				CLANG_WARN_DIRECT_OBJC_ISA_USAGE = YES_ERROR;
				CLANG_WARN_DOCUMENTATION_COMMENTS = YES;
				CLANG_WARN_EMPTY_BODY = YES;
				CLANG_WARN_ENUM_CONVERSION = YES;
				CLANG_WARN_INFINITE_RECURSION = YES;
				CLANG_WARN_INT_CONVERSION = YES;
				CLANG_WARN_NON_LITERAL_NULL_CONVERSION = YES;
				CLANG_WARN_OBJC_IMPLICIT_RETAIN_SELF = YES;
				CLANG_WARN_OBJC_LITERAL_CONVERSION = YES;
				CLANG_WARN_OBJC_ROOT_CLASS = YES_ERROR;
				CLANG_WARN_RANGE_LOOP_ANALYSIS = YES;
				CLANG_WARN_STRICT_PROTOTYPES = YES;
				CLANG_WARN_SUSPICIOUS_MOVE = YES;
				CLANG_WARN_UNGUARDED_AVAILABILITY = YES_AGGRESSIVE;
				CLANG_WARN_UNREACHABLE_CODE = YES;
				CLANG_WARN__DUPLICATE_METHOD_MATCH = YES;
				COPY_PHASE_STRIP = NO;
				DEBUG_INFORMATION_FORMAT = "dwarf-with-dsym";
				ENABLE_NS_ASSERTIONS = NO;
				ENABLE_STRICT_OBJC_MSGSEND = YES;
				GCC_C_LANGUAGE_STANDARD = gnu11;
				GCC_NO_COMMON_BLOCKS = YES;
				GCC_WARN_64_TO_32_BIT_CONVERSION = YES;
				GCC_WARN_ABOUT_RETURN_TYPE = YES_ERROR;
				GCC_WARN_UNDECLARED_SELECTOR = YES;
				GCC_WARN_UNINITIALIZED_AUTOS = YES_AGGRESSIVE;
				GCC_WARN_UNUSED_FUNCTION = YES;
				GCC_WARN_UNUSED_VARIABLE = YES;
				IPHONEOS_DEPLOYMENT_TARGET = 13.2;
				MTL_ENABLE_DEBUG_INFO = NO;
				MTL_FAST_MATH = YES;
				SDKROOT = iphoneos;
				SWIFT_COMPILATION_MODE = wholemodule;
				SWIFT_OPTIMIZATION_LEVEL = "-O";
				VALIDATE_PRODUCT = YES;
			};
			name = Release;
		};
		AB958D652429000200C75714 /* Debug */ = {
			isa = XCBuildConfiguration;
			buildSettings = {
				ASSETCATALOG_COMPILER_APPICON_NAME = AppIcon;
				CODE_SIGN_STYLE = Automatic;
				INFOPLIST_FILE = SignUp/Info.plist;
				LD_RUNPATH_SEARCH_PATHS = (
					"$(inherited)",
					"@executable_path/Frameworks",
				);
				PRODUCT_BUNDLE_IDENTIFIER = Limwin.SignUp;
				PRODUCT_NAME = "$(TARGET_NAME)";
				SWIFT_VERSION = 5.0;
				TARGETED_DEVICE_FAMILY = "1,2";
			};
			name = Debug;
		};
		AB958D662429000200C75714 /* Release */ = {
			isa = XCBuildConfiguration;
			buildSettings = {
				ASSETCATALOG_COMPILER_APPICON_NAME = AppIcon;
				CODE_SIGN_STYLE = Automatic;
				INFOPLIST_FILE = SignUp/Info.plist;
				LD_RUNPATH_SEARCH_PATHS = (
					"$(inherited)",
					"@executable_path/Frameworks",
				);
				PRODUCT_BUNDLE_IDENTIFIER = Limwin.SignUp;
				PRODUCT_NAME = "$(TARGET_NAME)";
				SWIFT_VERSION = 5.0;
				TARGETED_DEVICE_FAMILY = "1,2";
			};
			name = Release;
		};
		AB958D682429000200C75714 /* Debug */ = {
			isa = XCBuildConfiguration;
			buildSettings = {
				ALWAYS_EMBED_SWIFT_STANDARD_LIBRARIES = YES;
				BUNDLE_LOADER = "$(TEST_HOST)";
				CODE_SIGN_STYLE = Automatic;
				INFOPLIST_FILE = SignUpTests/Info.plist;
				IPHONEOS_DEPLOYMENT_TARGET = 13.2;
				LD_RUNPATH_SEARCH_PATHS = (
					"$(inherited)",
					"@executable_path/Frameworks",
					"@loader_path/Frameworks",
				);
				PRODUCT_BUNDLE_IDENTIFIER = Limwin.SignUpTests;
				PRODUCT_NAME = "$(TARGET_NAME)";
				SWIFT_VERSION = 5.0;
				TARGETED_DEVICE_FAMILY = "1,2";
				TEST_HOST = "$(BUILT_PRODUCTS_DIR)/SignUp.app/SignUp";
			};
			name = Debug;
		};
		AB958D692429000200C75714 /* Release */ = {
			isa = XCBuildConfiguration;
			buildSettings = {
				ALWAYS_EMBED_SWIFT_STANDARD_LIBRARIES = YES;
				BUNDLE_LOADER = "$(TEST_HOST)";
				CODE_SIGN_STYLE = Automatic;
				INFOPLIST_FILE = SignUpTests/Info.plist;
				IPHONEOS_DEPLOYMENT_TARGET = 13.2;
				LD_RUNPATH_SEARCH_PATHS = (
					"$(inherited)",
					"@executable_path/Frameworks",
					"@loader_path/Frameworks",
				);
				PRODUCT_BUNDLE_IDENTIFIER = Limwin.SignUpTests;
				PRODUCT_NAME = "$(TARGET_NAME)";
				SWIFT_VERSION = 5.0;
				TARGETED_DEVICE_FAMILY = "1,2";
				TEST_HOST = "$(BUILT_PRODUCTS_DIR)/SignUp.app/SignUp";
			};
			name = Release;
		};
		AB958D6B2429000200C75714 /* Debug */ = {
			isa = XCBuildConfiguration;
			buildSettings = {
				ALWAYS_EMBED_SWIFT_STANDARD_LIBRARIES = YES;
				CODE_SIGN_STYLE = Automatic;
				INFOPLIST_FILE = SignUpUITests/Info.plist;
				LD_RUNPATH_SEARCH_PATHS = (
					"$(inherited)",
					"@executable_path/Frameworks",
					"@loader_path/Frameworks",
				);
				PRODUCT_BUNDLE_IDENTIFIER = Limwin.SignUpUITests;
				PRODUCT_NAME = "$(TARGET_NAME)";
				SWIFT_VERSION = 5.0;
				TARGETED_DEVICE_FAMILY = "1,2";
				TEST_TARGET_NAME = SignUp;
			};
			name = Debug;
		};
		AB958D6C2429000200C75714 /* Release */ = {
			isa = XCBuildConfiguration;
			buildSettings = {
				ALWAYS_EMBED_SWIFT_STANDARD_LIBRARIES = YES;
				CODE_SIGN_STYLE = Automatic;
				INFOPLIST_FILE = SignUpUITests/Info.plist;
				LD_RUNPATH_SEARCH_PATHS = (
					"$(inherited)",
					"@executable_path/Frameworks",
					"@loader_path/Frameworks",
				);
				PRODUCT_BUNDLE_IDENTIFIER = Limwin.SignUpUITests;
				PRODUCT_NAME = "$(TARGET_NAME)";
				SWIFT_VERSION = 5.0;
				TARGETED_DEVICE_FAMILY = "1,2";
				TEST_TARGET_NAME = SignUp;
			};
			name = Release;
		};
/* End XCBuildConfiguration section */

/* Begin XCConfigurationList section */
		AB958D352428FFFE00C75714 /* Build configuration list for PBXProject "SignUp" */ = {
			isa = XCConfigurationList;
			buildConfigurations = (
				AB958D622429000200C75714 /* Debug */,
				AB958D632429000200C75714 /* Release */,
			);
			defaultConfigurationIsVisible = 0;
			defaultConfigurationName = Release;
		};
		AB958D642429000200C75714 /* Build configuration list for PBXNativeTarget "SignUp" */ = {
			isa = XCConfigurationList;
			buildConfigurations = (
				AB958D652429000200C75714 /* Debug */,
				AB958D662429000200C75714 /* Release */,
			);
			defaultConfigurationIsVisible = 0;
			defaultConfigurationName = Release;
		};
		AB958D672429000200C75714 /* Build configuration list for PBXNativeTarget "SignUpTests" */ = {
			isa = XCConfigurationList;
			buildConfigurations = (
				AB958D682429000200C75714 /* Debug */,
				AB958D692429000200C75714 /* Release */,
			);
			defaultConfigurationIsVisible = 0;
			defaultConfigurationName = Release;
		};
		AB958D6A2429000200C75714 /* Build configuration list for PBXNativeTarget "SignUpUITests" */ = {
			isa = XCConfigurationList;
			buildConfigurations = (
				AB958D6B2429000200C75714 /* Debug */,
				AB958D6C2429000200C75714 /* Release */,
			);
			defaultConfigurationIsVisible = 0;
			defaultConfigurationName = Release;
		};
/* End XCConfigurationList section */
	};
	rootObject = AB958D322428FFFE00C75714 /* Project object */;
}
